
Microsoft Visual Studio Solution File, Format Version 12.00
# Visual Studio Version 16
VisualStudioVersion = 16.0.34407.143
MinimumVisualStudioVersion = 10.0.40219.1
Project("{FAE04EC0-301F-11D3-BF4B-00C04F79EFBC}") = "RecapDemo-Dama", "RecapDemo-Dama\RecapDemo-Dama.csproj", "{82137510-9523-430B-AE25-6E338527E800}"
EndProject
Global
	GlobalSection(SolutionConfigurationPlatforms) = preSolution
		Debug|Any CPU = Debug|Any CPU
		Release|Any CPU = Release|Any CPU
	EndGlobalSection
	GlobalSection(ProjectConfigurationPlatforms) = postSolution
		{82137510-9523-430B-AE25-6E338527E800}.Debug|Any CPU.ActiveCfg = Debug|Any CPU
		{82137510-9523-430B-AE25-6E338527E800}.Debug|Any CPU.Build.0 = Debug|Any CPU
		{82137510-9523-430B-AE25-6E338527E800}.Release|Any CPU.ActiveCfg = Release|Any CPU
		{82137510-9523-430B-AE25-6E338527E800}.Release|Any CPU.Build.0 = Release|Any CPU
	EndGlobalSection
	GlobalSection(SolutionProperties) = preSolution
		HideSolutionNode = FALSE
	EndGlobalSection
	GlobalSection(ExtensibilityGlobals) = postSolution
		SolutionGuid = {D73F139A-1DB5-447F-B5DB-8239380CA933}
	EndGlobalSection
EndGlobal
